
Microsoft Visual Studio Solution File, Format Version 12.00
# Visual Studio Version 17
VisualStudioVersion = 17.5.002.0
MinimumVisualStudioVersion = 10.0.40219.1
Project("{9A19103F-16F7-4668-BE54-9A1E7A4F7556}") = "TalentHub", "TalentHub.csproj", "{0C83247D-CA79-4E12-9C9F-8B3E6D3086A5}"
EndProject
Global
	GlobalSection(SolutionConfigurationPlatforms) = preSolution
		Debug|Any CPU = Debug|Any CPU
		Release|Any CPU = Release|Any CPU
	EndGlobalSection
	GlobalSection(ProjectConfigurationPlatforms) = postSolution
		{0C83247D-CA79-4E12-9C9F-8B3E6D3086A5}.Debug|Any CPU.ActiveCfg = Debug|Any CPU
		{0C83247D-CA79-4E12-9C9F-8B3E6D3086A5}.Debug|Any CPU.Build.0 = Debug|Any CPU
		{0C83247D-CA79-4E12-9C9F-8B3E6D3086A5}.Release|Any CPU.ActiveCfg = Release|Any CPU
		{0C83247D-CA79-4E12-9C9F-8B3E6D3086A5}.Release|Any CPU.Build.0 = Release|Any CPU
	EndGlobalSection
	GlobalSection(SolutionProperties) = preSolution
		HideSolutionNode = FALSE
	EndGlobalSection
	GlobalSection(ExtensibilityGlobals) = postSolution
		SolutionGuid = {5D3EB79A-7BF6-44EF-A707-1D3EB1D0F3C9}
	EndGlobalSection
EndGlobal
